
Microsoft Visual Studio Solution File, Format Version 12.00
# Visual Studio Version 16
VisualStudioVersion = 16.0.30907.101
MinimumVisualStudioVersion = 10.0.40219.1
Project("{FAE04EC0-301F-11D3-BF4B-00C04F79EFBC}") = "Entities", "Entities\Entities.csproj", "{C4C81171-CABB-4910-BE20-AED337F1974E}"
EndProject
Project("{FAE04EC0-301F-11D3-BF4B-00C04F79EFBC}") = "DataAccess", "DataAccess\DataAccess.csproj", "{2434B06F-FE09-4ABE-9BC5-A1B6F31E53DF}"
EndProject
Project("{FAE04EC0-301F-11D3-BF4B-00C04F79EFBC}") = "Business", "Business\Business.csproj", "{E00482D0-2F8C-499F-9BBB-3339A57FC432}"
EndProject
Project("{FAE04EC0-301F-11D3-BF4B-00C04F79EFBC}") = "Core", "Core\Core.csproj", "{9E52040B-F404-42AF-BC88-ECCBEC07BA0E}"
EndProject
Global
	GlobalSection(SolutionConfigurationPlatforms) = preSolution
		Debug|Any CPU = Debug|Any CPU
		Release|Any CPU = Release|Any CPU
	EndGlobalSection
	GlobalSection(ProjectConfigurationPlatforms) = postSolution
		{C4C81171-CABB-4910-BE20-AED337F1974E}.Debug|Any CPU.ActiveCfg = Debug|Any CPU
		{C4C81171-CABB-4910-BE20-AED337F1974E}.Debug|Any CPU.Build.0 = Debug|Any CPU
		{C4C81171-CABB-4910-BE20-AED337F1974E}.Release|Any CPU.ActiveCfg = Release|Any CPU
		{C4C81171-CABB-4910-BE20-AED337F1974E}.Release|Any CPU.Build.0 = Release|Any CPU
		{2434B06F-FE09-4ABE-9BC5-A1B6F31E53DF}.Debug|Any CPU.ActiveCfg = Debug|Any CPU
		{2434B06F-FE09-4ABE-9BC5-A1B6F31E53DF}.Debug|Any CPU.Build.0 = Debug|Any CPU
		{2434B06F-FE09-4ABE-9BC5-A1B6F31E53DF}.Release|Any CPU.ActiveCfg = Release|Any CPU
		{2434B06F-FE09-4ABE-9BC5-A1B6F31E53DF}.Release|Any CPU.Build.0 = Release|Any CPU
		{E00482D0-2F8C-499F-9BBB-3339A57FC432}.Debug|Any CPU.ActiveCfg = Debug|Any CPU
		{E00482D0-2F8C-499F-9BBB-3339A57FC432}.Debug|Any CPU.Build.0 = Debug|Any CPU
		{E00482D0-2F8C-499F-9BBB-3339A57FC432}.Release|Any CPU.ActiveCfg = Release|Any CPU
		{E00482D0-2F8C-499F-9BBB-3339A57FC432}.Release|Any CPU.Build.0 = Release|Any CPU
		{9E52040B-F404-42AF-BC88-ECCBEC07BA0E}.Debug|Any CPU.ActiveCfg = Debug|Any CPU
		{9E52040B-F404-42AF-BC88-ECCBEC07BA0E}.Debug|Any CPU.Build.0 = Debug|Any CPU
		{9E52040B-F404-42AF-BC88-ECCBEC07BA0E}.Release|Any CPU.ActiveCfg = Release|Any CPU
		{9E52040B-F404-42AF-BC88-ECCBEC07BA0E}.Release|Any CPU.Build.0 = Release|Any CPU
	EndGlobalSection
	GlobalSection(SolutionProperties) = preSolution
		HideSolutionNode = FALSE
	EndGlobalSection
	GlobalSection(ExtensibilityGlobals) = postSolution
		SolutionGuid = {C7D3DE26-4EC5-410E-A46B-69D550ADFD06}
	EndGlobalSection
EndGlobal
